
Microsoft Visual Studio Solution File, Format Version 12.00
# Visual Studio Version 16
VisualStudioVersion = 16.0.31321.278
MinimumVisualStudioVersion = 10.0.40219.1
Project("{9A19103F-16F7-4668-BE54-9A1E7A4F7556}") = "MyStore", "MyStore\MyStore.csproj", "{0D420EDA-0FBA-4AE0-B073-8C6DDF412BFE}"
EndProject
Global
	GlobalSection(SolutionConfigurationPlatforms) = preSolution
		Debug|Any CPU = Debug|Any CPU
		Release|Any CPU = Release|Any CPU
	EndGlobalSection
	GlobalSection(ProjectConfigurationPlatforms) = postSolution
		{0D420EDA-0FBA-4AE0-B073-8C6DDF412BFE}.Debug|Any CPU.ActiveCfg = Debug|Any CPU
		{0D420EDA-0FBA-4AE0-B073-8C6DDF412BFE}.Debug|Any CPU.Build.0 = Debug|Any CPU
		{0D420EDA-0FBA-4AE0-B073-8C6DDF412BFE}.Release|Any CPU.ActiveCfg = Release|Any CPU
		{0D420EDA-0FBA-4AE0-B073-8C6DDF412BFE}.Release|Any CPU.Build.0 = Release|Any CPU
	EndGlobalSection
	GlobalSection(SolutionProperties) = preSolution
		HideSolutionNode = FALSE
	EndGlobalSection
	GlobalSection(ExtensibilityGlobals) = postSolution
		SolutionGuid = {AFD9AC67-1065-49F6-B7B3-14774958A0A5}
	EndGlobalSection
EndGlobal
